
Microsoft Visual Studio Solution File, Format Version 12.00
# Visual Studio 15
VisualStudioVersion = 15.0.27428.2027
MinimumVisualStudioVersion = 10.0.40219.1
Project("{9A19103F-16F7-4668-BE54-9A1E7A4F7556}") = "Msky", "Msky\Msky.csproj", "{AC3FE643-F78C-4115-800A-F68B8782F410}"
EndProject
Global
	GlobalSection(SolutionConfigurationPlatforms) = preSolution
		Debug|Any CPU = Debug|Any CPU
		Release|Any CPU = Release|Any CPU
	EndGlobalSection
	GlobalSection(ProjectConfigurationPlatforms) = postSolution
		{AC3FE643-F78C-4115-800A-F68B8782F410}.Debug|Any CPU.ActiveCfg = Debug|Any CPU
		{AC3FE643-F78C-4115-800A-F68B8782F410}.Debug|Any CPU.Build.0 = Debug|Any CPU
		{AC3FE643-F78C-4115-800A-F68B8782F410}.Release|Any CPU.ActiveCfg = Release|Any CPU
		{AC3FE643-F78C-4115-800A-F68B8782F410}.Release|Any CPU.Build.0 = Release|Any CPU
	EndGlobalSection
	GlobalSection(SolutionProperties) = preSolution
		HideSolutionNode = FALSE
	EndGlobalSection
	GlobalSection(ExtensibilityGlobals) = postSolution
		SolutionGuid = {0E199AD6-9156-4F97-ADD1-D58A1895031E}
	EndGlobalSection
EndGlobal
